// !$*UTF8*$!
{
	archiveVersion = 1;
	classes = {
	};
	objectVersion = 77;
	objects = {

/* Begin PBXBuildFile section */
		6BA3ECB32F2BF44500FC18EE /* WidgetKit.framework in Frameworks */ = {isa = PBXBuildFile; fileRef = 6BA3ECB22F2BF44500FC18EE /* WidgetKit.framework */; };
		6BA3ECB52F2BF44500FC18EE /* SwiftUI.framework in Frameworks */ = {isa = PBXBuildFile; fileRef = 6BA3ECB42F2BF44500FC18EE /* SwiftUI.framework */; };
		6BA3ECC42F2BF44600FC18EE /* CaltrainWidgetExtension.appex in Embed Foundation Extensions */ = {isa = PBXBuildFile; fileRef = 6BA3ECB02F2BF44500FC18EE /* CaltrainWidgetExtension.appex */; settings = {ATTRIBUTES = (RemoveHeadersOnCopy, ); }; };
/* End PBXBuildFile section */

/* Begin PBXContainerItemProxy section */
		6BA3EC452F29E57700FC18EE /* PBXContainerItemProxy */ = {
			isa = PBXContainerItemProxy;
			containerPortal = 6BA3EC2D2F29E57600FC18EE /* Project object */;
			proxyType = 1;
			remoteGlobalIDString = 6BA3EC342F29E57600FC18EE;
			remoteInfo = "realtime-caltrain";
		};
		6BA3EC4F2F29E57700FC18EE /* PBXContainerItemProxy */ = {
			isa = PBXContainerItemProxy;
			containerPortal = 6BA3EC2D2F29E57600FC18EE /* Project object */;
			proxyType = 1;
			remoteGlobalIDString = 6BA3EC342F29E57600FC18EE;
			remoteInfo = "realtime-caltrain";
		};
		6BA3ECC22F2BF44600FC18EE /* PBXContainerItemProxy */ = {
			isa = PBXContainerItemProxy;
			containerPortal = 6BA3EC2D2F29E57600FC18EE /* Project object */;
			proxyType = 1;
			remoteGlobalIDString = 6BA3ECAF2F2BF44500FC18EE;
			remoteInfo = CaltrainWidgetExtension;
		};
/* End PBXContainerItemProxy section */

/* Begin PBXCopyFilesBuildPhase section */
		6BA3ECC92F2BF44600FC18EE /* Embed Foundation Extensions */ = {
			isa = PBXCopyFilesBuildPhase;
			buildActionMask = 2147483647;
			dstPath = "";
			dstSubfolderSpec = 13;
			files = (
				6BA3ECC42F2BF44600FC18EE /* CaltrainWidgetExtension.appex in Embed Foundation Extensions */,
			);
			name = "Embed Foundation Extensions";
			runOnlyForDeploymentPostprocessing = 0;
		};
/* End PBXCopyFilesBuildPhase section */

/* Begin PBXFileReference section */
		6B5123482F32544B00E7EDD8 /* caltrain-Info.plist */ = {isa = PBXFileReference; lastKnownFileType = text.plist; path = "caltrain-Info.plist"; sourceTree = "<group>"; };
		6B8352F82F40288A0083B3F7 /* iPad Air (3rd generation)-01-MainScreen.png */ = {isa = PBXFileReference; lastKnownFileType = image.png; path = "iPad Air (3rd generation)-01-MainScreen.png"; sourceTree = "<group>"; };
		6B8352F92F40288A0083B3F7 /* iPad Air (3rd generation)-02-AllStations.png */ = {isa = PBXFileReference; lastKnownFileType = image.png; path = "iPad Air (3rd generation)-02-AllStations.png"; sourceTree = "<group>"; };
		6B8352FA2F40288A0083B3F7 /* iPad Air (3rd generation)-03-StationList.png */ = {isa = PBXFileReference; lastKnownFileType = image.png; path = "iPad Air (3rd generation)-03-StationList.png"; sourceTree = "<group>"; };
		6B8352FB2F40288A0083B3F7 /* iPad Air (3rd generation)-04-DeparturesList.png */ = {isa = PBXFileReference; lastKnownFileType = image.png; path = "iPad Air (3rd generation)-04-DeparturesList.png"; sourceTree = "<group>"; };
		6B8352FC2F40288A0083B3F7 /* iPad Pro (12.9-inch) (6th generation)-01-MainScreen.png */ = {isa = PBXFileReference; lastKnownFileType = image.png; path = "iPad Pro (12.9-inch) (6th generation)-01-MainScreen.png"; sourceTree = "<group>"; };
		6B8352FD2F40288A0083B3F7 /* iPad Pro (12.9-inch) (6th generation)-02-AllStations.png */ = {isa = PBXFileReference; lastKnownFileType = image.png; path = "iPad Pro (12.9-inch) (6th generation)-02-AllStations.png"; sourceTree = "<group>"; };
		6B8352FE2F40288A0083B3F7 /* iPad Pro (12.9-inch) (6th generation)-03-StationList.png */ = {isa = PBXFileReference; lastKnownFileType = image.png; path = "iPad Pro (12.9-inch) (6th generation)-03-StationList.png"; sourceTree = "<group>"; };
		6B8352FF2F40288A0083B3F7 /* iPad Pro (12.9-inch) (6th generation)-04-DeparturesList.png */ = {isa = PBXFileReference; lastKnownFileType = image.png; path = "iPad Pro (12.9-inch) (6th generation)-04-DeparturesList.png"; sourceTree = "<group>"; };
		6B8353002F40288A0083B3F7 /* iPad Pro 11-inch (M5)-01-MainScreen.png */ = {isa = PBXFileReference; lastKnownFileType = image.png; path = "iPad Pro 11-inch (M5)-01-MainScreen.png"; sourceTree = "<group>"; };
		6B8353012F40288A0083B3F7 /* iPad Pro 11-inch (M5)-02-AllStations.png */ = {isa = PBXFileReference; lastKnownFileType = image.png; path = "iPad Pro 11-inch (M5)-02-AllStations.png"; sourceTree = "<group>"; };
		6B8353022F40288A0083B3F7 /* iPad Pro 11-inch (M5)-03-StationList.png */ = {isa = PBXFileReference; lastKnownFileType = image.png; path = "iPad Pro 11-inch (M5)-03-StationList.png"; sourceTree = "<group>"; };
		6B8353032F40288A0083B3F7 /* iPad Pro 11-inch (M5)-04-DeparturesList.png */ = {isa = PBXFileReference; lastKnownFileType = image.png; path = "iPad Pro 11-inch (M5)-04-DeparturesList.png"; sourceTree = "<group>"; };
		6B8353042F40288A0083B3F7 /* iPad Pro 13-inch (M5)-01-MainScreen.png */ = {isa = PBXFileReference; lastKnownFileType = image.png; path = "iPad Pro 13-inch (M5)-01-MainScreen.png"; sourceTree = "<group>"; };
		6B8353052F40288A0083B3F7 /* iPad Pro 13-inch (M5)-02-AllStations.png */ = {isa = PBXFileReference; lastKnownFileType = image.png; path = "iPad Pro 13-inch (M5)-02-AllStations.png"; sourceTree = "<group>"; };
		6B8353062F40288A0083B3F7 /* iPad Pro 13-inch (M5)-03-StationList.png */ = {isa = PBXFileReference; lastKnownFileType = image.png; path = "iPad Pro 13-inch (M5)-03-StationList.png"; sourceTree = "<group>"; };
		6B8353072F40288A0083B3F7 /* iPad Pro 13-inch (M5)-04-DeparturesList.png */ = {isa = PBXFileReference; lastKnownFileType = image.png; path = "iPad Pro 13-inch (M5)-04-DeparturesList.png"; sourceTree = "<group>"; };
		6B8353082F40288A0083B3F7 /* iPhone 11 Pro Max-01-MainScreen.png */ = {isa = PBXFileReference; lastKnownFileType = image.png; path = "iPhone 11 Pro Max-01-MainScreen.png"; sourceTree = "<group>"; };
		6B8353092F40288A0083B3F7 /* iPhone 11 Pro Max-02-AllStations.png */ = {isa = PBXFileReference; lastKnownFileType = image.png; path = "iPhone 11 Pro Max-02-AllStations.png"; sourceTree = "<group>"; };
		6B83530A2F40288A0083B3F7 /* iPhone 11 Pro Max-03-StationList.png */ = {isa = PBXFileReference; lastKnownFileType = image.png; path = "iPhone 11 Pro Max-03-StationList.png"; sourceTree = "<group>"; };
		6B83530B2F40288A0083B3F7 /* iPhone 11 Pro Max-04-DeparturesList.png */ = {isa = PBXFileReference; lastKnownFileType = image.png; path = "iPhone 11 Pro Max-04-DeparturesList.png"; sourceTree = "<group>"; };
		6B83530C2F40288A0083B3F7 /* iPhone 17 Pro Max-01-MainScreen.png */ = {isa = PBXFileReference; lastKnownFileType = image.png; path = "iPhone 17 Pro Max-01-MainScreen.png"; sourceTree = "<group>"; };
		6B83530D2F40288A0083B3F7 /* iPhone 17 Pro Max-02-AllStations.png */ = {isa = PBXFileReference; lastKnownFileType = image.png; path = "iPhone 17 Pro Max-02-AllStations.png"; sourceTree = "<group>"; };
		6B83530E2F40288A0083B3F7 /* iPhone 17 Pro Max-03-StationList.png */ = {isa = PBXFileReference; lastKnownFileType = image.png; path = "iPhone 17 Pro Max-03-StationList.png"; sourceTree = "<group>"; };
		6B83530F2F40288A0083B3F7 /* iPhone 17 Pro Max-04-DeparturesList.png */ = {isa = PBXFileReference; lastKnownFileType = image.png; path = "iPhone 17 Pro Max-04-DeparturesList.png"; sourceTree = "<group>"; };
		6B8353102F40288A0083B3F7 /* iPhone 17 Pro-01-MainScreen.png */ = {isa = PBXFileReference; lastKnownFileType = image.png; path = "iPhone 17 Pro-01-MainScreen.png"; sourceTree = "<group>"; };
		6B8353112F40288A0083B3F7 /* iPhone 17 Pro-02-AllStations.png */ = {isa = PBXFileReference; lastKnownFileType = image.png; path = "iPhone 17 Pro-02-AllStations.png"; sourceTree = "<group>"; };
		6B8353122F40288A0083B3F7 /* iPhone 17 Pro-03-StationList.png */ = {isa = PBXFileReference; lastKnownFileType = image.png; path = "iPhone 17 Pro-03-StationList.png"; sourceTree = "<group>"; };
		6B8353132F40288A0083B3F7 /* iPhone 17 Pro-04-DeparturesList.png */ = {isa = PBXFileReference; lastKnownFileType = image.png; path = "iPhone 17 Pro-04-DeparturesList.png"; sourceTree = "<group>"; };
		6B8353142F40288A0083B3F7 /* iPhone 17-01-MainScreen.png */ = {isa = PBXFileReference; lastKnownFileType = image.png; path = "iPhone 17-01-MainScreen.png"; sourceTree = "<group>"; };
		6B8353152F40288A0083B3F7 /* iPhone 17-02-AllStations.png */ = {isa = PBXFileReference; lastKnownFileType = image.png; path = "iPhone 17-02-AllStations.png"; sourceTree = "<group>"; };
		6B8353162F40288A0083B3F7 /* iPhone 17-03-StationList.png */ = {isa = PBXFileReference; lastKnownFileType = image.png; path = "iPhone 17-03-StationList.png"; sourceTree = "<group>"; };
		6B8353172F40288A0083B3F7 /* iPhone 17-04-DeparturesList.png */ = {isa = PBXFileReference; lastKnownFileType = image.png; path = "iPhone 17-04-DeparturesList.png"; sourceTree = "<group>"; };
		6B8353182F40288A0083B3F7 /* iPhone SE (3rd generation)-01-MainScreen.png */ = {isa = PBXFileReference; lastKnownFileType = image.png; path = "iPhone SE (3rd generation)-01-MainScreen.png"; sourceTree = "<group>"; };
		6B8353192F40288A0083B3F7 /* iPhone SE (3rd generation)-02-AllStations.png */ = {isa = PBXFileReference; lastKnownFileType = image.png; path = "iPhone SE (3rd generation)-02-AllStations.png"; sourceTree = "<group>"; };
		6B83531A2F40288A0083B3F7 /* iPhone SE (3rd generation)-03-StationList.png */ = {isa = PBXFileReference; lastKnownFileType = image.png; path = "iPhone SE (3rd generation)-03-StationList.png"; sourceTree = "<group>"; };
		6B83531B2F40288A0083B3F7 /* iPhone SE (3rd generation)-04-DeparturesList.png */ = {isa = PBXFileReference; lastKnownFileType = image.png; path = "iPhone SE (3rd generation)-04-DeparturesList.png"; sourceTree = "<group>"; };
		6B83531D2F40288A0083B3F7 /* screenshots.html */ = {isa = PBXFileReference; lastKnownFileType = text.html; path = screenshots.html; sourceTree = "<group>"; };
		6B83531F2F40288A0083B3F7 /* Appfile */ = {isa = PBXFileReference; lastKnownFileType = text; path = Appfile; sourceTree = "<group>"; };
		6B8353202F40288A0083B3F7 /* Fastfile */ = {isa = PBXFileReference; lastKnownFileType = text; path = Fastfile; sourceTree = "<group>"; };
		6B8353212F40288A0083B3F7 /* README.md */ = {isa = PBXFileReference; lastKnownFileType = net.daringfireball.markdown; path = README.md; sourceTree = "<group>"; };
		6B8353222F40288A0083B3F7 /* report.xml */ = {isa = PBXFileReference; lastKnownFileType = text.xml; path = report.xml; sourceTree = "<group>"; };
		6B8353232F40288A0083B3F7 /* Snapfile */ = {isa = PBXFileReference; lastKnownFileType = text; path = Snapfile; sourceTree = "<group>"; };
		6B8353242F40288A0083B3F7 /* SnapshotHelper.swift */ = {isa = PBXFileReference; lastKnownFileType = sourcecode.swift; path = SnapshotHelper.swift; sourceTree = "<group>"; };
		6BA3EC352F29E57600FC18EE /* caltrain.app */ = {isa = PBXFileReference; explicitFileType = wrapper.application; includeInIndex = 0; path = caltrain.app; sourceTree = BUILT_PRODUCTS_DIR; };
		6BA3EC442F29E57700FC18EE /* caltrainTests.xctest */ = {isa = PBXFileReference; explicitFileType = wrapper.cfbundle; includeInIndex = 0; path = caltrainTests.xctest; sourceTree = BUILT_PRODUCTS_DIR; };
		6BA3EC4E2F29E57700FC18EE /* caltrainUITests.xctest */ = {isa = PBXFileReference; explicitFileType = wrapper.cfbundle; includeInIndex = 0; path = caltrainUITests.xctest; sourceTree = BUILT_PRODUCTS_DIR; };
		6BA3ECB02F2BF44500FC18EE /* CaltrainWidgetExtension.appex */ = {isa = PBXFileReference; explicitFileType = "wrapper.app-extension"; includeInIndex = 0; path = CaltrainWidgetExtension.appex; sourceTree = BUILT_PRODUCTS_DIR; };
		6BA3ECB22F2BF44500FC18EE /* WidgetKit.framework */ = {isa = PBXFileReference; lastKnownFileType = wrapper.framework; name = WidgetKit.framework; path = System/Library/Frameworks/WidgetKit.framework; sourceTree = SDKROOT; };
		6BA3ECB42F2BF44500FC18EE /* SwiftUI.framework */ = {isa = PBXFileReference; lastKnownFileType = wrapper.framework; name = SwiftUI.framework; path = System/Library/Frameworks/SwiftUI.framework; sourceTree = SDKROOT; };
		6BA3ECD32F2BF4C700FC18EE /* CaltrainWidgetExtension.entitlements */ = {isa = PBXFileReference; lastKnownFileType = text.plist.entitlements; path = CaltrainWidgetExtension.entitlements; sourceTree = "<group>"; };
/* End PBXFileReference section */

/* Begin PBXFileSystemSynchronizedBuildFileExceptionSet section */
		6BA3ECC52F2BF44600FC18EE /* Exceptions for "CaltrainWidget" folder in "CaltrainWidgetExtension" target */ = {
			isa = PBXFileSystemSynchronizedBuildFileExceptionSet;
			membershipExceptions = (
				Info.plist,
			);
			target = 6BA3ECAF2F2BF44500FC18EE /* CaltrainWidgetExtension */;
		};
		6BA3ECD52F2BF6BA00FC18EE /* Exceptions for "realtime-caltrain" folder in "CaltrainWidgetExtension" target */ = {
			isa = PBXFileSystemSynchronizedBuildFileExceptionSet;
			membershipExceptions = (
				Models/API/GTFSRealtimeModels.swift,
				Models/API/Timetable.swift,
				Models/AppMigrationPlan.swift,
				Models/V1/AppSchemaV1.swift,
				Models/V1/CaltrainStation.swift,
				Models/V1/PlannedDeparture.swift,
				Models/V1/TrainDeparture.swift,
				Services/CaltrainAPIClient.swift,
				Services/DepartureRefreshState.swift,
				Services/DepartureService.swift,
				Services/LocationCacheService.swift,
				Services/NearestStationService.swift,
				Services/SharedModelContainer.swift,
				Services/StationDataLoader.swift,
				Services/StationService.swift,
				Services/SyncRegistry.swift,
			);
			target = 6BA3ECAF2F2BF44500FC18EE /* CaltrainWidgetExtension */;
		};
/* End PBXFileSystemSynchronizedBuildFileExceptionSet section */

/* Begin PBXFileSystemSynchronizedRootGroup section */
		6BA3EC372F29E57600FC18EE /* realtime-caltrain */ = {
			isa = PBXFileSystemSynchronizedRootGroup;
			exceptions = (
				6BA3ECD52F2BF6BA00FC18EE /* Exceptions for "realtime-caltrain" folder in "CaltrainWidgetExtension" target */,
			);
			path = "realtime-caltrain";
			sourceTree = "<group>";
		};
		6BA3EC472F29E57700FC18EE /* realtime-caltrainTests */ = {
			isa = PBXFileSystemSynchronizedRootGroup;
			path = "realtime-caltrainTests";
			sourceTree = "<group>";
		};
		6BA3EC512F29E57700FC18EE /* realtime-caltrainUITests */ = {
			isa = PBXFileSystemSynchronizedRootGroup;
			path = "realtime-caltrainUITests";
			sourceTree = "<group>";
		};
		6BA3ECB62F2BF44500FC18EE /* CaltrainWidget */ = {
			isa = PBXFileSystemSynchronizedRootGroup;
			exceptions = (
				6BA3ECC52F2BF44600FC18EE /* Exceptions for "CaltrainWidget" folder in "CaltrainWidgetExtension" target */,
			);
			path = CaltrainWidget;
			sourceTree = "<group>";
		};
/* End PBXFileSystemSynchronizedRootGroup section */

/* Begin PBXFrameworksBuildPhase section */
		6BA3EC322F29E57600FC18EE /* Frameworks */ = {
			isa = PBXFrameworksBuildPhase;
			buildActionMask = 2147483647;
			files = (
			);
			runOnlyForDeploymentPostprocessing = 0;
		};
		6BA3EC412F29E57700FC18EE /* Frameworks */ = {
			isa = PBXFrameworksBuildPhase;
			buildActionMask = 2147483647;
			files = (
			);
			runOnlyForDeploymentPostprocessing = 0;
		};
		6BA3EC4B2F29E57700FC18EE /* Frameworks */ = {
			isa = PBXFrameworksBuildPhase;
			buildActionMask = 2147483647;
			files = (
			);
			runOnlyForDeploymentPostprocessing = 0;
		};
		6BA3ECAD2F2BF44500FC18EE /* Frameworks */ = {
			isa = PBXFrameworksBuildPhase;
			buildActionMask = 2147483647;
			files = (
				6BA3ECB52F2BF44500FC18EE /* SwiftUI.framework in Frameworks */,
				6BA3ECB32F2BF44500FC18EE /* WidgetKit.framework in Frameworks */,
			);
			runOnlyForDeploymentPostprocessing = 0;
		};
/* End PBXFrameworksBuildPhase section */

/* Begin PBXGroup section */
		6B83531C2F40288A0083B3F7 /* en-US */ = {
			isa = PBXGroup;
			children = (
				6B8352F82F40288A0083B3F7 /* iPad Air (3rd generation)-01-MainScreen.png */,
				6B8352F92F40288A0083B3F7 /* iPad Air (3rd generation)-02-AllStations.png */,
				6B8352FA2F40288A0083B3F7 /* iPad Air (3rd generation)-03-StationList.png */,
				6B8352FB2F40288A0083B3F7 /* iPad Air (3rd generation)-04-DeparturesList.png */,
				6B8352FC2F40288A0083B3F7 /* iPad Pro (12.9-inch) (6th generation)-01-MainScreen.png */,
				6B8352FD2F40288A0083B3F7 /* iPad Pro (12.9-inch) (6th generation)-02-AllStations.png */,
				6B8352FE2F40288A0083B3F7 /* iPad Pro (12.9-inch) (6th generation)-03-StationList.png */,
				6B8352FF2F40288A0083B3F7 /* iPad Pro (12.9-inch) (6th generation)-04-DeparturesList.png */,
				6B8353002F40288A0083B3F7 /* iPad Pro 11-inch (M5)-01-MainScreen.png */,
				6B8353012F40288A0083B3F7 /* iPad Pro 11-inch (M5)-02-AllStations.png */,
				6B8353022F40288A0083B3F7 /* iPad Pro 11-inch (M5)-03-StationList.png */,
				6B8353032F40288A0083B3F7 /* iPad Pro 11-inch (M5)-04-DeparturesList.png */,
				6B8353042F40288A0083B3F7 /* iPad Pro 13-inch (M5)-01-MainScreen.png */,
				6B8353052F40288A0083B3F7 /* iPad Pro 13-inch (M5)-02-AllStations.png */,
				6B8353062F40288A0083B3F7 /* iPad Pro 13-inch (M5)-03-StationList.png */,
				6B8353072F40288A0083B3F7 /* iPad Pro 13-inch (M5)-04-DeparturesList.png */,
				6B8353082F40288A0083B3F7 /* iPhone 11 Pro Max-01-MainScreen.png */,
				6B8353092F40288A0083B3F7 /* iPhone 11 Pro Max-02-AllStations.png */,
				6B83530A2F40288A0083B3F7 /* iPhone 11 Pro Max-03-StationList.png */,
				6B83530B2F40288A0083B3F7 /* iPhone 11 Pro Max-04-DeparturesList.png */,
				6B83530C2F40288A0083B3F7 /* iPhone 17 Pro Max-01-MainScreen.png */,
				6B83530D2F40288A0083B3F7 /* iPhone 17 Pro Max-02-AllStations.png */,
				6B83530E2F40288A0083B3F7 /* iPhone 17 Pro Max-03-StationList.png */,
				6B83530F2F40288A0083B3F7 /* iPhone 17 Pro Max-04-DeparturesList.png */,
				6B8353102F40288A0083B3F7 /* iPhone 17 Pro-01-MainScreen.png */,
				6B8353112F40288A0083B3F7 /* iPhone 17 Pro-02-AllStations.png */,
				6B8353122F40288A0083B3F7 /* iPhone 17 Pro-03-StationList.png */,
				6B8353132F40288A0083B3F7 /* iPhone 17 Pro-04-DeparturesList.png */,
				6B8353142F40288A0083B3F7 /* iPhone 17-01-MainScreen.png */,
				6B8353152F40288A0083B3F7 /* iPhone 17-02-AllStations.png */,
				6B8353162F40288A0083B3F7 /* iPhone 17-03-StationList.png */,
				6B8353172F40288A0083B3F7 /* iPhone 17-04-DeparturesList.png */,
				6B8353182F40288A0083B3F7 /* iPhone SE (3rd generation)-01-MainScreen.png */,
				6B8353192F40288A0083B3F7 /* iPhone SE (3rd generation)-02-AllStations.png */,
				6B83531A2F40288A0083B3F7 /* iPhone SE (3rd generation)-03-StationList.png */,
				6B83531B2F40288A0083B3F7 /* iPhone SE (3rd generation)-04-DeparturesList.png */,
			);
			path = "en-US";
			sourceTree = "<group>";
		};
		6B83531E2F40288A0083B3F7 /* screenshots */ = {
			isa = PBXGroup;
			children = (
				6B83531C2F40288A0083B3F7 /* en-US */,
				6B83531D2F40288A0083B3F7 /* screenshots.html */,
			);
			path = screenshots;
			sourceTree = "<group>";
		};
		6B8353252F40288A0083B3F7 /* fastlane */ = {
			isa = PBXGroup;
			children = (
				6B83531E2F40288A0083B3F7 /* screenshots */,
				6B83531F2F40288A0083B3F7 /* Appfile */,
				6B8353202F40288A0083B3F7 /* Fastfile */,
				6B8353212F40288A0083B3F7 /* README.md */,
				6B8353222F40288A0083B3F7 /* report.xml */,
				6B8353232F40288A0083B3F7 /* Snapfile */,
				6B8353242F40288A0083B3F7 /* SnapshotHelper.swift */,
			);
			path = fastlane;
			sourceTree = "<group>";
		};
		6BA3EC2C2F29E57600FC18EE = {
			isa = PBXGroup;
			children = (
				6B5123482F32544B00E7EDD8 /* caltrain-Info.plist */,
				6BA3EC372F29E57600FC18EE /* realtime-caltrain */,
				6BA3EC472F29E57700FC18EE /* realtime-caltrainTests */,
				6BA3EC512F29E57700FC18EE /* realtime-caltrainUITests */,
				6BA3ECB62F2BF44500FC18EE /* CaltrainWidget */,
				6BA3ECB12F2BF44500FC18EE /* Frameworks */,
				6BA3EC362F29E57600FC18EE /* Products */,
				6BA3ECD32F2BF4C700FC18EE /* CaltrainWidgetExtension.entitlements */,
				6B8353252F40288A0083B3F7 /* fastlane */,
			);
			sourceTree = "<group>";
		};
		6BA3EC362F29E57600FC18EE /* Products */ = {
			isa = PBXGroup;
			children = (
				6BA3EC352F29E57600FC18EE /* caltrain.app */,
				6BA3EC442F29E57700FC18EE /* caltrainTests.xctest */,
				6BA3EC4E2F29E57700FC18EE /* caltrainUITests.xctest */,
				6BA3ECB02F2BF44500FC18EE /* CaltrainWidgetExtension.appex */,
			);
			name = Products;
			sourceTree = "<group>";
		};
		6BA3ECB12F2BF44500FC18EE /* Frameworks */ = {
			isa = PBXGroup;
			children = (
				6BA3ECB22F2BF44500FC18EE /* WidgetKit.framework */,
				6BA3ECB42F2BF44500FC18EE /* SwiftUI.framework */,
			);
			name = Frameworks;
			sourceTree = "<group>";
		};
/* End PBXGroup section */

/* Begin PBXNativeTarget section */
		6BA3EC342F29E57600FC18EE /* caltrain */ = {
			isa = PBXNativeTarget;
			buildConfigurationList = 6BA3EC582F29E57700FC18EE /* Build configuration list for PBXNativeTarget "caltrain" */;
			buildPhases = (
				6BA3EC312F29E57600FC18EE /* Sources */,
				6BA3EC322F29E57600FC18EE /* Frameworks */,
				6BA3EC332F29E57600FC18EE /* Resources */,
				6BA3ECC92F2BF44600FC18EE /* Embed Foundation Extensions */,
			);
			buildRules = (
			);
			dependencies = (
				6BA3ECC32F2BF44600FC18EE /* PBXTargetDependency */,
			);
			fileSystemSynchronizedGroups = (
				6BA3EC372F29E57600FC18EE /* realtime-caltrain */,
			);
			name = caltrain;
			packageProductDependencies = (
			);
			productName = "realtime-caltrain";
			productReference = 6BA3EC352F29E57600FC18EE /* caltrain.app */;
			productType = "com.apple.product-type.application";
		};
		6BA3EC432F29E57700FC18EE /* caltrainTests */ = {
			isa = PBXNativeTarget;
			buildConfigurationList = 6BA3EC5B2F29E57700FC18EE /* Build configuration list for PBXNativeTarget "caltrainTests" */;
			buildPhases = (
				6BA3EC402F29E57700FC18EE /* Sources */,
				6BA3EC412F29E57700FC18EE /* Frameworks */,
				6BA3EC422F29E57700FC18EE /* Resources */,
			);
			buildRules = (
			);
			dependencies = (
				6BA3EC462F29E57700FC18EE /* PBXTargetDependency */,
			);
			fileSystemSynchronizedGroups = (
				6BA3EC472F29E57700FC18EE /* realtime-caltrainTests */,
			);
			name = caltrainTests;
			packageProductDependencies = (
			);
			productName = "realtime-caltrainTests";
			productReference = 6BA3EC442F29E57700FC18EE /* caltrainTests.xctest */;
			productType = "com.apple.product-type.bundle.unit-test";
		};
		6BA3EC4D2F29E57700FC18EE /* caltrainUITests */ = {
			isa = PBXNativeTarget;
			buildConfigurationList = 6BA3EC5E2F29E57700FC18EE /* Build configuration list for PBXNativeTarget "caltrainUITests" */;
			buildPhases = (
				6BA3EC4A2F29E57700FC18EE /* Sources */,
				6BA3EC4B2F29E57700FC18EE /* Frameworks */,
				6BA3EC4C2F29E57700FC18EE /* Resources */,
			);
			buildRules = (
			);
			dependencies = (
				6BA3EC502F29E57700FC18EE /* PBXTargetDependency */,
			);
			fileSystemSynchronizedGroups = (
				6BA3EC512F29E57700FC18EE /* realtime-caltrainUITests */,
			);
			name = caltrainUITests;
			packageProductDependencies = (
			);
			productName = "realtime-caltrainUITests";
			productReference = 6BA3EC4E2F29E57700FC18EE /* caltrainUITests.xctest */;
			productType = "com.apple.product-type.bundle.ui-testing";
		};
		6BA3ECAF2F2BF44500FC18EE /* CaltrainWidgetExtension */ = {
			isa = PBXNativeTarget;
			buildConfigurationList = 6BA3ECC62F2BF44600FC18EE /* Build configuration list for PBXNativeTarget "CaltrainWidgetExtension" */;
			buildPhases = (
				6BA3ECAC2F2BF44500FC18EE /* Sources */,
				6BA3ECAD2F2BF44500FC18EE /* Frameworks */,
				6BA3ECAE2F2BF44500FC18EE /* Resources */,
			);
			buildRules = (
			);
			dependencies = (
			);
			fileSystemSynchronizedGroups = (
				6BA3ECB62F2BF44500FC18EE /* CaltrainWidget */,
			);
			name = CaltrainWidgetExtension;
			packageProductDependencies = (
			);
			productName = CaltrainWidgetExtension;
			productReference = 6BA3ECB02F2BF44500FC18EE /* CaltrainWidgetExtension.appex */;
			productType = "com.apple.product-type.app-extension";
		};
/* End PBXNativeTarget section */

/* Begin PBXProject section */
		6BA3EC2D2F29E57600FC18EE /* Project object */ = {
			isa = PBXProject;
			attributes = {
				BuildIndependentTargetsInParallel = 1;
				LastSwiftUpdateCheck = 2620;
				LastUpgradeCheck = 2620;
				TargetAttributes = {
					6BA3EC342F29E57600FC18EE = {
						CreatedOnToolsVersion = 26.2;
					};
					6BA3EC432F29E57700FC18EE = {
						CreatedOnToolsVersion = 26.2;
						TestTargetID = 6BA3EC342F29E57600FC18EE;
					};
					6BA3EC4D2F29E57700FC18EE = {
						CreatedOnToolsVersion = 26.2;
						TestTargetID = 6BA3EC342F29E57600FC18EE;
					};
					6BA3ECAF2F2BF44500FC18EE = {
						CreatedOnToolsVersion = 26.2;
					};
				};
			};
			buildConfigurationList = 6BA3EC302F29E57600FC18EE /* Build configuration list for PBXProject "caltrain" */;
			developmentRegion = en;
			hasScannedForEncodings = 0;
			knownRegions = (
				en,
				Base,
			);
			mainGroup = 6BA3EC2C2F29E57600FC18EE;
			minimizedProjectReferenceProxies = 1;
			preferredProjectObjectVersion = 77;
			productRefGroup = 6BA3EC362F29E57600FC18EE /* Products */;
			projectDirPath = "";
			projectRoot = "";
			targets = (
				6BA3EC342F29E57600FC18EE /* caltrain */,
				6BA3EC432F29E57700FC18EE /* caltrainTests */,
				6BA3EC4D2F29E57700FC18EE /* caltrainUITests */,
				6BA3ECAF2F2BF44500FC18EE /* CaltrainWidgetExtension */,
			);
		};
/* End PBXProject section */

/* Begin PBXResourcesBuildPhase section */
		6BA3EC332F29E57600FC18EE /* Resources */ = {
			isa = PBXResourcesBuildPhase;
			buildActionMask = 2147483647;
			files = (
			);
			runOnlyForDeploymentPostprocessing = 0;
		};
		6BA3EC422F29E57700FC18EE /* Resources */ = {
			isa = PBXResourcesBuildPhase;
			buildActionMask = 2147483647;
			files = (
			);
			runOnlyForDeploymentPostprocessing = 0;
		};
		6BA3EC4C2F29E57700FC18EE /* Resources */ = {
			isa = PBXResourcesBuildPhase;
			buildActionMask = 2147483647;
			files = (
			);
			runOnlyForDeploymentPostprocessing = 0;
		};
		6BA3ECAE2F2BF44500FC18EE /* Resources */ = {
			isa = PBXResourcesBuildPhase;
			buildActionMask = 2147483647;
			files = (
			);
			runOnlyForDeploymentPostprocessing = 0;
		};
/* End PBXResourcesBuildPhase section */

/* Begin PBXSourcesBuildPhase section */
		6BA3EC312F29E57600FC18EE /* Sources */ = {
			isa = PBXSourcesBuildPhase;
			buildActionMask = 2147483647;
			files = (
			);
			runOnlyForDeploymentPostprocessing = 0;
		};
		6BA3EC402F29E57700FC18EE /* Sources */ = {
			isa = PBXSourcesBuildPhase;
			buildActionMask = 2147483647;
			files = (
			);
			runOnlyForDeploymentPostprocessing = 0;
		};
		6BA3EC4A2F29E57700FC18EE /* Sources */ = {
			isa = PBXSourcesBuildPhase;
			buildActionMask = 2147483647;
			files = (
			);
			runOnlyForDeploymentPostprocessing = 0;
		};
		6BA3ECAC2F2BF44500FC18EE /* Sources */ = {
			isa = PBXSourcesBuildPhase;
			buildActionMask = 2147483647;
			files = (
			);
			runOnlyForDeploymentPostprocessing = 0;
		};
/* End PBXSourcesBuildPhase section */

/* Begin PBXTargetDependency section */
		6BA3EC462F29E57700FC18EE /* PBXTargetDependency */ = {
			isa = PBXTargetDependency;
			target = 6BA3EC342F29E57600FC18EE /* caltrain */;
			targetProxy = 6BA3EC452F29E57700FC18EE /* PBXContainerItemProxy */;
		};
		6BA3EC502F29E57700FC18EE /* PBXTargetDependency */ = {
			isa = PBXTargetDependency;
			target = 6BA3EC342F29E57600FC18EE /* caltrain */;
			targetProxy = 6BA3EC4F2F29E57700FC18EE /* PBXContainerItemProxy */;
		};
		6BA3ECC32F2BF44600FC18EE /* PBXTargetDependency */ = {
			isa = PBXTargetDependency;
			target = 6BA3ECAF2F2BF44500FC18EE /* CaltrainWidgetExtension */;
			targetProxy = 6BA3ECC22F2BF44600FC18EE /* PBXContainerItemProxy */;
		};
/* End PBXTargetDependency section */

/* Begin XCBuildConfiguration section */
		6BA3EC562F29E57700FC18EE /* Debug */ = {
			isa = XCBuildConfiguration;
			buildSettings = {
				ALWAYS_SEARCH_USER_PATHS = NO;
				ASSETCATALOG_COMPILER_GENERATE_SWIFT_ASSET_SYMBOL_EXTENSIONS = YES;
				CLANG_ANALYZER_NONNULL = YES;
				CLANG_ANALYZER_NUMBER_OBJECT_CONVERSION = YES_AGGRESSIVE;
				CLANG_CXX_LANGUAGE_STANDARD = "gnu++20";
				CLANG_ENABLE_MODULES = YES;
				CLANG_ENABLE_OBJC_ARC = YES;
				CLANG_ENABLE_OBJC_WEAK = YES;
				CLANG_WARN_BLOCK_CAPTURE_AUTORELEASING = YES;
				CLANG_WARN_BOOL_CONVERSION = YES;
				CLANG_WARN_COMMA = YES;
				CLANG_WARN_CONSTANT_CONVERSION = YES;
				CLANG_WARN_DEPRECATED_OBJC_IMPLEMENTATIONS = YES;
				CLANG_WARN_DIRECT_OBJC_ISA_USAGE = YES_ERROR;
				CLANG_WARN_DOCUMENTATION_COMMENTS = YES;
				CLANG_WARN_EMPTY_BODY = YES;
				CLANG_WARN_ENUM_CONVERSION = YES;
				CLANG_WARN_INFINITE_RECURSION = YES;
				CLANG_WARN_INT_CONVERSION = YES;
				CLANG_WARN_NON_LITERAL_NULL_CONVERSION = YES;
				CLANG_WARN_OBJC_IMPLICIT_RETAIN_SELF = YES;
				CLANG_WARN_OBJC_LITERAL_CONVERSION = YES;
				CLANG_WARN_OBJC_ROOT_CLASS = YES_ERROR;
				CLANG_WARN_QUOTED_INCLUDE_IN_FRAMEWORK_HEADER = YES;
				CLANG_WARN_RANGE_LOOP_ANALYSIS = YES;
				CLANG_WARN_STRICT_PROTOTYPES = YES;
				CLANG_WARN_SUSPICIOUS_MOVE = YES;
				CLANG_WARN_UNGUARDED_AVAILABILITY = YES_AGGRESSIVE;
				CLANG_WARN_UNREACHABLE_CODE = YES;
				CLANG_WARN__DUPLICATE_METHOD_MATCH = YES;
				COPY_PHASE_STRIP = NO;
				DEBUG_INFORMATION_FORMAT = dwarf;
				ENABLE_STRICT_OBJC_MSGSEND = YES;
				ENABLE_TESTABILITY = YES;
				ENABLE_USER_SCRIPT_SANDBOXING = YES;
				GCC_C_LANGUAGE_STANDARD = gnu17;
				GCC_DYNAMIC_NO_PIC = NO;
				GCC_NO_COMMON_BLOCKS = YES;
				GCC_OPTIMIZATION_LEVEL = 0;
				GCC_PREPROCESSOR_DEFINITIONS = (
					"DEBUG=1",
					"$(inherited)",
				);
				GCC_WARN_64_TO_32_BIT_CONVERSION = YES;
				GCC_WARN_ABOUT_RETURN_TYPE = YES_ERROR;
				GCC_WARN_UNDECLARED_SELECTOR = YES;
				GCC_WARN_UNINITIALIZED_AUTOS = YES_AGGRESSIVE;
				GCC_WARN_UNUSED_FUNCTION = YES;
				GCC_WARN_UNUSED_VARIABLE = YES;
				IPHONEOS_DEPLOYMENT_TARGET = 26.2;
				LOCALIZATION_PREFERS_STRING_CATALOGS = YES;
				MTL_ENABLE_DEBUG_INFO = INCLUDE_SOURCE;
				MTL_FAST_MATH = YES;
				ONLY_ACTIVE_ARCH = YES;
				SDKROOT = iphoneos;
				SWIFT_ACTIVE_COMPILATION_CONDITIONS = "DEBUG $(inherited)";
				SWIFT_OPTIMIZATION_LEVEL = "-Onone";
			};
			name = Debug;
		};
		6BA3EC572F29E57700FC18EE /* Release */ = {
			isa = XCBuildConfiguration;
			buildSettings = {
				ALWAYS_SEARCH_USER_PATHS = NO;
				ASSETCATALOG_COMPILER_GENERATE_SWIFT_ASSET_SYMBOL_EXTENSIONS = YES;
				CLANG_ANALYZER_NONNULL = YES;
				CLANG_ANALYZER_NUMBER_OBJECT_CONVERSION = YES_AGGRESSIVE;
				CLANG_CXX_LANGUAGE_STANDARD = "gnu++20";
				CLANG_ENABLE_MODULES = YES;
				CLANG_ENABLE_OBJC_ARC = YES;
				CLANG_ENABLE_OBJC_WEAK = YES;
				CLANG_WARN_BLOCK_CAPTURE_AUTORELEASING = YES;
				CLANG_WARN_BOOL_CONVERSION = YES;
				CLANG_WARN_COMMA = YES;
				CLANG_WARN_CONSTANT_CONVERSION = YES;
				CLANG_WARN_DEPRECATED_OBJC_IMPLEMENTATIONS = YES;
				CLANG_WARN_DIRECT_OBJC_ISA_USAGE = YES_ERROR;
				CLANG_WARN_DOCUMENTATION_COMMENTS = YES;
				CLANG_WARN_EMPTY_BODY = YES;
				CLANG_WARN_ENUM_CONVERSION = YES;
				CLANG_WARN_INFINITE_RECURSION = YES;
				CLANG_WARN_INT_CONVERSION = YES;
				CLANG_WARN_NON_LITERAL_NULL_CONVERSION = YES;
				CLANG_WARN_OBJC_IMPLICIT_RETAIN_SELF = YES;
				CLANG_WARN_OBJC_LITERAL_CONVERSION = YES;
				CLANG_WARN_OBJC_ROOT_CLASS = YES_ERROR;
				CLANG_WARN_QUOTED_INCLUDE_IN_FRAMEWORK_HEADER = YES;
				CLANG_WARN_RANGE_LOOP_ANALYSIS = YES;
				CLANG_WARN_STRICT_PROTOTYPES = YES;
				CLANG_WARN_SUSPICIOUS_MOVE = YES;
				CLANG_WARN_UNGUARDED_AVAILABILITY = YES_AGGRESSIVE;
				CLANG_WARN_UNREACHABLE_CODE = YES;
				CLANG_WARN__DUPLICATE_METHOD_MATCH = YES;
				COPY_PHASE_STRIP = NO;
				DEBUG_INFORMATION_FORMAT = "dwarf-with-dsym";
				ENABLE_NS_ASSERTIONS = NO;
				ENABLE_STRICT_OBJC_MSGSEND = YES;
				ENABLE_USER_SCRIPT_SANDBOXING = YES;
				GCC_C_LANGUAGE_STANDARD = gnu17;
				GCC_NO_COMMON_BLOCKS = YES;
				GCC_WARN_64_TO_32_BIT_CONVERSION = YES;
				GCC_WARN_ABOUT_RETURN_TYPE = YES_ERROR;
				GCC_WARN_UNDECLARED_SELECTOR = YES;
				GCC_WARN_UNINITIALIZED_AUTOS = YES_AGGRESSIVE;
				GCC_WARN_UNUSED_FUNCTION = YES;
				GCC_WARN_UNUSED_VARIABLE = YES;
				IPHONEOS_DEPLOYMENT_TARGET = 26.2;
				LOCALIZATION_PREFERS_STRING_CATALOGS = YES;
				MTL_ENABLE_DEBUG_INFO = NO;
				MTL_FAST_MATH = YES;
				SDKROOT = iphoneos;
				SWIFT_COMPILATION_MODE = wholemodule;
				VALIDATE_PRODUCT = YES;
			};
			name = Release;
		};
		6BA3EC592F29E57700FC18EE /* Debug */ = {
			isa = XCBuildConfiguration;
			buildSettings = {
				ASSETCATALOG_COMPILER_APPICON_NAME = AppIcon;
				ASSETCATALOG_COMPILER_GLOBAL_ACCENT_COLOR_NAME = AccentColor;
				ASSETCATALOG_COMPILER_INCLUDE_ALL_APPICON_ASSETS = YES;
				CODE_SIGN_ENTITLEMENTS = "realtime-caltrain/realtime-caltrain.entitlements";
				CODE_SIGN_IDENTITY = "Apple Development";
				CODE_SIGN_STYLE = Automatic;
				CURRENT_PROJECT_VERSION = 1;
				DEVELOPMENT_TEAM = H93944JUWW;
				ENABLE_PREVIEWS = YES;
				GENERATE_INFOPLIST_FILE = YES;
				INFOPLIST_FILE = "caltrain-Info.plist";
				INFOPLIST_KEY_CFBundleDisplayName = "Baby Bullet";
				INFOPLIST_KEY_LSApplicationCategoryType = "public.app-category.travel";
				INFOPLIST_KEY_NSLocationWhenInUseUsageDescription = "This app uses your location to show nearby Caltrain stations and real-time train arrivals.";
				INFOPLIST_KEY_UIApplicationSceneManifest_Generation = YES;
				INFOPLIST_KEY_UIApplicationSupportsIndirectInputEvents = YES;
				INFOPLIST_KEY_UILaunchScreen_Generation = YES;
				INFOPLIST_KEY_UISupportedInterfaceOrientations_iPad = "UIInterfaceOrientationPortrait UIInterfaceOrientationPortraitUpsideDown UIInterfaceOrientationLandscapeLeft UIInterfaceOrientationLandscapeRight";
				INFOPLIST_KEY_UISupportedInterfaceOrientations_iPhone = "UIInterfaceOrientationPortrait UIInterfaceOrientationLandscapeLeft UIInterfaceOrientationLandscapeRight";
				LD_RUNPATH_SEARCH_PATHS = (
					"$(inherited)",
					"@executable_path/Frameworks",
				);
				MARKETING_VERSION = 1.2;
				PRODUCT_BUNDLE_IDENTIFIER = net.fewald.caltrain;
				PRODUCT_NAME = "$(TARGET_NAME)";
				PROVISIONING_PROFILE_SPECIFIER = "";
				STRING_CATALOG_GENERATE_SYMBOLS = YES;
				"SWIFT_ACTIVE_COMPILATION_CONDITIONS[arch=*]" = "DEBUG $(inherited)";
				SWIFT_APPROACHABLE_CONCURRENCY = YES;
				SWIFT_DEFAULT_ACTOR_ISOLATION = MainActor;
				SWIFT_EMIT_LOC_STRINGS = YES;
				SWIFT_UPCOMING_FEATURE_MEMBER_IMPORT_VISIBILITY = YES;
				SWIFT_VERSION = 5.0;
				TARGETED_DEVICE_FAMILY = "1,2";
			};
			name = Debug;
		};
		6BA3EC5A2F29E57700FC18EE /* Release */ = {
			isa = XCBuildConfiguration;
			buildSettings = {
				ASSETCATALOG_COMPILER_APPICON_NAME = AppIcon;
				ASSETCATALOG_COMPILER_GLOBAL_ACCENT_COLOR_NAME = AccentColor;
				ASSETCATALOG_COMPILER_INCLUDE_ALL_APPICON_ASSETS = YES;
				CODE_SIGN_ENTITLEMENTS = "realtime-caltrain/realtime-caltrain.entitlements";
				CODE_SIGN_IDENTITY = "Apple Development";
				CODE_SIGN_STYLE = Automatic;
				CURRENT_PROJECT_VERSION = 1;
				DEVELOPMENT_TEAM = H93944JUWW;
				ENABLE_PREVIEWS = YES;
				GENERATE_INFOPLIST_FILE = YES;
				INFOPLIST_FILE = "caltrain-Info.plist";
				INFOPLIST_KEY_CFBundleDisplayName = "Baby Bullet";
				INFOPLIST_KEY_LSApplicationCategoryType = "public.app-category.travel";
				INFOPLIST_KEY_NSLocationWhenInUseUsageDescription = "This app uses your location to show nearby Caltrain stations and real-time train arrivals.";
				INFOPLIST_KEY_UIApplicationSceneManifest_Generation = YES;
				INFOPLIST_KEY_UIApplicationSupportsIndirectInputEvents = YES;
				INFOPLIST_KEY_UILaunchScreen_Generation = YES;
				INFOPLIST_KEY_UISupportedInterfaceOrientations_iPad = "UIInterfaceOrientationPortrait UIInterfaceOrientationPortraitUpsideDown UIInterfaceOrientationLandscapeLeft UIInterfaceOrientationLandscapeRight";
				INFOPLIST_KEY_UISupportedInterfaceOrientations_iPhone = "UIInterfaceOrientationPortrait UIInterfaceOrientationLandscapeLeft UIInterfaceOrientationLandscapeRight";
				LD_RUNPATH_SEARCH_PATHS = (
					"$(inherited)",
					"@executable_path/Frameworks",
				);
				MARKETING_VERSION = 1.2;
				PRODUCT_BUNDLE_IDENTIFIER = net.fewald.caltrain;
				PRODUCT_NAME = "$(TARGET_NAME)";
				PROVISIONING_PROFILE_SPECIFIER = "";
				STRING_CATALOG_GENERATE_SYMBOLS = YES;
				SWIFT_APPROACHABLE_CONCURRENCY = YES;
				SWIFT_DEFAULT_ACTOR_ISOLATION = MainActor;
				SWIFT_EMIT_LOC_STRINGS = YES;
				SWIFT_UPCOMING_FEATURE_MEMBER_IMPORT_VISIBILITY = YES;
				SWIFT_VERSION = 5.0;
				TARGETED_DEVICE_FAMILY = "1,2";
			};
			name = Release;
		};
		6BA3EC5C2F29E57700FC18EE /* Debug */ = {
			isa = XCBuildConfiguration;
			buildSettings = {
				BUNDLE_LOADER = "$(TEST_HOST)";
				CODE_SIGN_STYLE = Automatic;
				CURRENT_PROJECT_VERSION = 1;
				DEVELOPMENT_TEAM = H93944JUWW;
				GENERATE_INFOPLIST_FILE = YES;
				IPHONEOS_DEPLOYMENT_TARGET = 26.2;
				MARKETING_VERSION = 1.0;
				PRODUCT_BUNDLE_IDENTIFIER = net.fewald.caltrainTests;
				PRODUCT_NAME = "$(TARGET_NAME)";
				STRING_CATALOG_GENERATE_SYMBOLS = NO;
				SWIFT_APPROACHABLE_CONCURRENCY = YES;
				SWIFT_EMIT_LOC_STRINGS = NO;
				SWIFT_UPCOMING_FEATURE_MEMBER_IMPORT_VISIBILITY = YES;
				SWIFT_VERSION = 5.0;
				TARGETED_DEVICE_FAMILY = "1,2";
				TEST_HOST = "$(BUILT_PRODUCTS_DIR)/caltrain.app/$(BUNDLE_EXECUTABLE_FOLDER_PATH)/caltrain";
			};
			name = Debug;
		};
		6BA3EC5D2F29E57700FC18EE /* Release */ = {
			isa = XCBuildConfiguration;
			buildSettings = {
				BUNDLE_LOADER = "$(TEST_HOST)";
				CODE_SIGN_STYLE = Automatic;
				CURRENT_PROJECT_VERSION = 1;
				DEVELOPMENT_TEAM = H93944JUWW;
				GENERATE_INFOPLIST_FILE = YES;
				IPHONEOS_DEPLOYMENT_TARGET = 26.2;
				MARKETING_VERSION = 1.0;
				PRODUCT_BUNDLE_IDENTIFIER = net.fewald.caltrainTests;
				PRODUCT_NAME = "$(TARGET_NAME)";
				STRING_CATALOG_GENERATE_SYMBOLS = NO;
				SWIFT_APPROACHABLE_CONCURRENCY = YES;
				SWIFT_EMIT_LOC_STRINGS = NO;
				SWIFT_UPCOMING_FEATURE_MEMBER_IMPORT_VISIBILITY = YES;
				SWIFT_VERSION = 5.0;
				TARGETED_DEVICE_FAMILY = "1,2";
				TEST_HOST = "$(BUILT_PRODUCTS_DIR)/caltrain.app/$(BUNDLE_EXECUTABLE_FOLDER_PATH)/caltrain";
			};
			name = Release;
		};
		6BA3EC5F2F29E57700FC18EE /* Debug */ = {
			isa = XCBuildConfiguration;
			buildSettings = {
				"CODE_SIGN_IDENTITY[sdk=macosx*]" = "Apple Development";
				CODE_SIGN_STYLE = Automatic;
				CURRENT_PROJECT_VERSION = 1;
				DEVELOPMENT_TEAM = H93944JUWW;
				GENERATE_INFOPLIST_FILE = YES;
				MARKETING_VERSION = 1.0;
				PRODUCT_BUNDLE_IDENTIFIER = net.fewald.caltrainUITests;
				PRODUCT_NAME = "$(TARGET_NAME)";
				STRING_CATALOG_GENERATE_SYMBOLS = NO;
				SWIFT_APPROACHABLE_CONCURRENCY = YES;
				SWIFT_EMIT_LOC_STRINGS = NO;
				SWIFT_UPCOMING_FEATURE_MEMBER_IMPORT_VISIBILITY = YES;
				SWIFT_VERSION = 5.0;
				TARGETED_DEVICE_FAMILY = "1,2";
				TEST_TARGET_NAME = caltrain;
			};
			name = Debug;
		};
		6BA3EC602F29E57700FC18EE /* Release */ = {
			isa = XCBuildConfiguration;
			buildSettings = {
				"CODE_SIGN_IDENTITY[sdk=macosx*]" = "Apple Development";
				CODE_SIGN_STYLE = Automatic;
				CURRENT_PROJECT_VERSION = 1;
				DEVELOPMENT_TEAM = H93944JUWW;
				GENERATE_INFOPLIST_FILE = YES;
				MARKETING_VERSION = 1.0;
				PRODUCT_BUNDLE_IDENTIFIER = net.fewald.caltrainUITests;
				PRODUCT_NAME = "$(TARGET_NAME)";
				STRING_CATALOG_GENERATE_SYMBOLS = NO;
				SWIFT_APPROACHABLE_CONCURRENCY = YES;
				SWIFT_EMIT_LOC_STRINGS = NO;
				SWIFT_UPCOMING_FEATURE_MEMBER_IMPORT_VISIBILITY = YES;
				SWIFT_VERSION = 5.0;
				TARGETED_DEVICE_FAMILY = "1,2";
				TEST_TARGET_NAME = caltrain;
			};
			name = Release;
		};
		6BA3ECC72F2BF44600FC18EE /* Debug */ = {
			isa = XCBuildConfiguration;
			buildSettings = {
				ASSETCATALOG_COMPILER_GLOBAL_ACCENT_COLOR_NAME = AccentColor;
				ASSETCATALOG_COMPILER_WIDGET_BACKGROUND_COLOR_NAME = WidgetBackground;
				CODE_SIGN_ENTITLEMENTS = CaltrainWidgetExtension.entitlements;
				CODE_SIGN_STYLE = Automatic;
				CURRENT_PROJECT_VERSION = 1;
				DEVELOPMENT_TEAM = H93944JUWW;
				GENERATE_INFOPLIST_FILE = YES;
				INFOPLIST_FILE = CaltrainWidget/Info.plist;
				INFOPLIST_KEY_CFBundleDisplayName = CaltrainWidget;
				INFOPLIST_KEY_NSHumanReadableCopyright = "";
				LD_RUNPATH_SEARCH_PATHS = (
					"$(inherited)",
					"@executable_path/Frameworks",
					"@executable_path/../../Frameworks",
				);
				MARKETING_VERSION = 1.2;
				PRODUCT_BUNDLE_IDENTIFIER = net.fewald.caltrain.CaltrainWidget;
				PRODUCT_NAME = "$(TARGET_NAME)";
				SKIP_INSTALL = YES;
				STRING_CATALOG_GENERATE_SYMBOLS = YES;
				SWIFT_APPROACHABLE_CONCURRENCY = YES;
				SWIFT_EMIT_LOC_STRINGS = YES;
				SWIFT_UPCOMING_FEATURE_MEMBER_IMPORT_VISIBILITY = YES;
				SWIFT_VERSION = 5.0;
				TARGETED_DEVICE_FAMILY = "1,2";
			};
			name = Debug;
		};
		6BA3ECC82F2BF44600FC18EE /* Release */ = {
			isa = XCBuildConfiguration;
			buildSettings = {
				ASSETCATALOG_COMPILER_GLOBAL_ACCENT_COLOR_NAME = AccentColor;
				ASSETCATALOG_COMPILER_WIDGET_BACKGROUND_COLOR_NAME = WidgetBackground;
				CODE_SIGN_ENTITLEMENTS = CaltrainWidgetExtension.entitlements;
				CODE_SIGN_STYLE = Automatic;
				CURRENT_PROJECT_VERSION = 1;
				DEVELOPMENT_TEAM = H93944JUWW;
				GENERATE_INFOPLIST_FILE = YES;
				INFOPLIST_FILE = CaltrainWidget/Info.plist;
				INFOPLIST_KEY_CFBundleDisplayName = CaltrainWidget;
				INFOPLIST_KEY_NSHumanReadableCopyright = "";
				LD_RUNPATH_SEARCH_PATHS = (
					"$(inherited)",
					"@executable_path/Frameworks",
					"@executable_path/../../Frameworks",
				);
				MARKETING_VERSION = 1.2;
				PRODUCT_BUNDLE_IDENTIFIER = net.fewald.caltrain.CaltrainWidget;
				PRODUCT_NAME = "$(TARGET_NAME)";
				SKIP_INSTALL = YES;
				STRING_CATALOG_GENERATE_SYMBOLS = YES;
				SWIFT_APPROACHABLE_CONCURRENCY = YES;
				SWIFT_EMIT_LOC_STRINGS = YES;
				SWIFT_UPCOMING_FEATURE_MEMBER_IMPORT_VISIBILITY = YES;
				SWIFT_VERSION = 5.0;
				TARGETED_DEVICE_FAMILY = "1,2";
			};
			name = Release;
		};
/* End XCBuildConfiguration section */

/* Begin XCConfigurationList section */
		6BA3EC302F29E57600FC18EE /* Build configuration list for PBXProject "caltrain" */ = {
			isa = XCConfigurationList;
			buildConfigurations = (
				6BA3EC562F29E57700FC18EE /* Debug */,
				6BA3EC572F29E57700FC18EE /* Release */,
			);
			defaultConfigurationIsVisible = 0;
			defaultConfigurationName = Release;
		};
		6BA3EC582F29E57700FC18EE /* Build configuration list for PBXNativeTarget "caltrain" */ = {
			isa = XCConfigurationList;
			buildConfigurations = (
				6BA3EC592F29E57700FC18EE /* Debug */,
				6BA3EC5A2F29E57700FC18EE /* Release */,
			);
			defaultConfigurationIsVisible = 0;
			defaultConfigurationName = Release;
		};
		6BA3EC5B2F29E57700FC18EE /* Build configuration list for PBXNativeTarget "caltrainTests" */ = {
			isa = XCConfigurationList;
			buildConfigurations = (
				6BA3EC5C2F29E57700FC18EE /* Debug */,
				6BA3EC5D2F29E57700FC18EE /* Release */,
			);
			defaultConfigurationIsVisible = 0;
			defaultConfigurationName = Release;
		};
		6BA3EC5E2F29E57700FC18EE /* Build configuration list for PBXNativeTarget "caltrainUITests" */ = {
			isa = XCConfigurationList;
			buildConfigurations = (
				6BA3EC5F2F29E57700FC18EE /* Debug */,
				6BA3EC602F29E57700FC18EE /* Release */,
			);
			defaultConfigurationIsVisible = 0;
			defaultConfigurationName = Release;
		};
		6BA3ECC62F2BF44600FC18EE /* Build configuration list for PBXNativeTarget "CaltrainWidgetExtension" */ = {
			isa = XCConfigurationList;
			buildConfigurations = (
				6BA3ECC72F2BF44600FC18EE /* Debug */,
				6BA3ECC82F2BF44600FC18EE /* Release */,
			);
			defaultConfigurationIsVisible = 0;
			defaultConfigurationName = Release;
		};
/* End XCConfigurationList section */
	};
	rootObject = 6BA3EC2D2F29E57600FC18EE /* Project object */;
}
